
Microsoft Visual Studio Solution File, Format Version 12.00
# Visual Studio Version 17
VisualStudioVersion = 17.8.34525.116
MinimumVisualStudioVersion = 10.0.40219.1
Project("{FAE04EC0-301F-11D3-BF4B-00C04F79EFBC}") = "RemoteQuery.Model", "RemoteQuery.Model\RemoteQuery.Model.csproj", "{4C18CC8F-837A-4EFC-8E19-FF462BB99E5F}"
EndProject
Project("{FAE04EC0-301F-11D3-BF4B-00C04F79EFBC}") = "RemoteQuery.WinForms", "RemoteQuery.WinForms\RemoteQuery.WinForms.csproj", "{EEFD6EAE-50F0-4C69-A36B-E754F87FAEA1}"
	ProjectSection(ProjectDependencies) = postProject
		{4C18CC8F-837A-4EFC-8E19-FF462BB99E5F} = {4C18CC8F-837A-4EFC-8E19-FF462BB99E5F}
		{D98D1449-A59E-4F05-A486-FF5FA8204C75} = {D98D1449-A59E-4F05-A486-FF5FA8204C75}
	EndProjectSection
EndProject
Project("{FAE04EC0-301F-11D3-BF4B-00C04F79EFBC}") = "RemoteQuery.WebForms", "RemoteQuery.WebForms\RemoteQuery.WebForms.csproj", "{3D70C53B-9BCE-43CB-B652-F920C6230246}"
	ProjectSection(ProjectDependencies) = postProject
		{4C18CC8F-837A-4EFC-8E19-FF462BB99E5F} = {4C18CC8F-837A-4EFC-8E19-FF462BB99E5F}
	EndProjectSection
EndProject
Project("{FAE04EC0-301F-11D3-BF4B-00C04F79EFBC}") = "RemoteQuery.WebForms.Tests", "RemoteQuery.WebForms.Tests\RemoteQuery.WebForms.Tests.csproj", "{081E0948-1459-4954-9BF6-758C14CB14BA}"
EndProject
Project("{FAE04EC0-301F-11D3-BF4B-00C04F79EFBC}") = "RemoteQuery.Utils", "RemoteQuery.Utils\RemoteQuery.Utils.csproj", "{95353D55-2E2E-4977-90ED-3DE4607F65A7}"
EndProject
Project("{FAE04EC0-301F-11D3-BF4B-00C04F79EFBC}") = "RemoteQuery.Application", "RemoteQuery.Application\RemoteQuery.Application.csproj", "{2BD26114-B352-46B8-AEA0-131ED1FA024D}"
	ProjectSection(ProjectDependencies) = postProject
		{4C18CC8F-837A-4EFC-8E19-FF462BB99E5F} = {4C18CC8F-837A-4EFC-8E19-FF462BB99E5F}
	EndProjectSection
EndProject
Project("{2150E333-8FDC-42A3-9474-1A3956D46DE8}") = "Domain", "Domain", "{CBAC56B7-FC34-44A1-AED2-CEE6043A2B49}"
EndProject
Project("{2150E333-8FDC-42A3-9474-1A3956D46DE8}") = "Presentation", "Presentation", "{DC18CE20-91B4-4C19-868F-A87019FC4B26}"
EndProject
Project("{2150E333-8FDC-42A3-9474-1A3956D46DE8}") = "Tests", "Tests", "{1F2A0131-13FE-406F-BB01-2F18E6D4D4F9}"
EndProject
Project("{2150E333-8FDC-42A3-9474-1A3956D46DE8}") = "Infrastrucure", "Infrastrucure", "{FC28428E-91A9-4357-975F-F8CF37D9D749}"
EndProject
Project("{FAE04EC0-301F-11D3-BF4B-00C04F79EFBC}") = "RemoteQuery.SQL", "RemoteQuery.SQL\RemoteQuery.SQL.csproj", "{D38718F5-AC10-4A3C-AF4A-60552838FB2E}"
EndProject
Project("{FAE04EC0-301F-11D3-BF4B-00C04F79EFBC}") = "RemoteQuery.ViewModel", "RemoteQuery.ViewModel\RemoteQuery.ViewModel.csproj", "{D98D1449-A59E-4F05-A486-FF5FA8204C75}"
EndProject
Global
	GlobalSection(SolutionConfigurationPlatforms) = preSolution
		Debug|Any CPU = Debug|Any CPU
		Release|Any CPU = Release|Any CPU
	EndGlobalSection
	GlobalSection(ProjectConfigurationPlatforms) = postSolution
		{4C18CC8F-837A-4EFC-8E19-FF462BB99E5F}.Debug|Any CPU.ActiveCfg = Debug|Any CPU
		{4C18CC8F-837A-4EFC-8E19-FF462BB99E5F}.Debug|Any CPU.Build.0 = Debug|Any CPU
		{4C18CC8F-837A-4EFC-8E19-FF462BB99E5F}.Release|Any CPU.ActiveCfg = Release|Any CPU
		{4C18CC8F-837A-4EFC-8E19-FF462BB99E5F}.Release|Any CPU.Build.0 = Release|Any CPU
		{EEFD6EAE-50F0-4C69-A36B-E754F87FAEA1}.Debug|Any CPU.ActiveCfg = Debug|Any CPU
		{EEFD6EAE-50F0-4C69-A36B-E754F87FAEA1}.Debug|Any CPU.Build.0 = Debug|Any CPU
		{EEFD6EAE-50F0-4C69-A36B-E754F87FAEA1}.Release|Any CPU.ActiveCfg = Release|Any CPU
		{EEFD6EAE-50F0-4C69-A36B-E754F87FAEA1}.Release|Any CPU.Build.0 = Release|Any CPU
		{3D70C53B-9BCE-43CB-B652-F920C6230246}.Debug|Any CPU.ActiveCfg = Debug|Any CPU
		{3D70C53B-9BCE-43CB-B652-F920C6230246}.Debug|Any CPU.Build.0 = Debug|Any CPU
		{3D70C53B-9BCE-43CB-B652-F920C6230246}.Release|Any CPU.ActiveCfg = Release|Any CPU
		{3D70C53B-9BCE-43CB-B652-F920C6230246}.Release|Any CPU.Build.0 = Release|Any CPU
		{081E0948-1459-4954-9BF6-758C14CB14BA}.Debug|Any CPU.ActiveCfg = Debug|Any CPU
		{081E0948-1459-4954-9BF6-758C14CB14BA}.Debug|Any CPU.Build.0 = Debug|Any CPU
		{081E0948-1459-4954-9BF6-758C14CB14BA}.Release|Any CPU.ActiveCfg = Release|Any CPU
		{081E0948-1459-4954-9BF6-758C14CB14BA}.Release|Any CPU.Build.0 = Release|Any CPU
		{95353D55-2E2E-4977-90ED-3DE4607F65A7}.Debug|Any CPU.ActiveCfg = Debug|Any CPU
		{95353D55-2E2E-4977-90ED-3DE4607F65A7}.Debug|Any CPU.Build.0 = Debug|Any CPU
		{95353D55-2E2E-4977-90ED-3DE4607F65A7}.Release|Any CPU.ActiveCfg = Release|Any CPU
		{95353D55-2E2E-4977-90ED-3DE4607F65A7}.Release|Any CPU.Build.0 = Release|Any CPU
		{2BD26114-B352-46B8-AEA0-131ED1FA024D}.Debug|Any CPU.ActiveCfg = Debug|Any CPU
		{2BD26114-B352-46B8-AEA0-131ED1FA024D}.Debug|Any CPU.Build.0 = Debug|Any CPU
		{2BD26114-B352-46B8-AEA0-131ED1FA024D}.Release|Any CPU.ActiveCfg = Release|Any CPU
		{2BD26114-B352-46B8-AEA0-131ED1FA024D}.Release|Any CPU.Build.0 = Release|Any CPU
		{D38718F5-AC10-4A3C-AF4A-60552838FB2E}.Debug|Any CPU.ActiveCfg = Debug|Any CPU
		{D38718F5-AC10-4A3C-AF4A-60552838FB2E}.Debug|Any CPU.Build.0 = Debug|Any CPU
		{D38718F5-AC10-4A3C-AF4A-60552838FB2E}.Release|Any CPU.ActiveCfg = Release|Any CPU
		{D38718F5-AC10-4A3C-AF4A-60552838FB2E}.Release|Any CPU.Build.0 = Release|Any CPU
		{D98D1449-A59E-4F05-A486-FF5FA8204C75}.Debug|Any CPU.ActiveCfg = Debug|Any CPU
		{D98D1449-A59E-4F05-A486-FF5FA8204C75}.Debug|Any CPU.Build.0 = Debug|Any CPU
		{D98D1449-A59E-4F05-A486-FF5FA8204C75}.Release|Any CPU.ActiveCfg = Release|Any CPU
		{D98D1449-A59E-4F05-A486-FF5FA8204C75}.Release|Any CPU.Build.0 = Release|Any CPU
	EndGlobalSection
	GlobalSection(SolutionProperties) = preSolution
		HideSolutionNode = FALSE
	EndGlobalSection
	GlobalSection(NestedProjects) = preSolution
		{4C18CC8F-837A-4EFC-8E19-FF462BB99E5F} = {CBAC56B7-FC34-44A1-AED2-CEE6043A2B49}
		{EEFD6EAE-50F0-4C69-A36B-E754F87FAEA1} = {DC18CE20-91B4-4C19-868F-A87019FC4B26}
		{3D70C53B-9BCE-43CB-B652-F920C6230246} = {DC18CE20-91B4-4C19-868F-A87019FC4B26}
		{081E0948-1459-4954-9BF6-758C14CB14BA} = {1F2A0131-13FE-406F-BB01-2F18E6D4D4F9}
		{2BD26114-B352-46B8-AEA0-131ED1FA024D} = {CBAC56B7-FC34-44A1-AED2-CEE6043A2B49}
		{D38718F5-AC10-4A3C-AF4A-60552838FB2E} = {FC28428E-91A9-4357-975F-F8CF37D9D749}
		{D98D1449-A59E-4F05-A486-FF5FA8204C75} = {DC18CE20-91B4-4C19-868F-A87019FC4B26}
	EndGlobalSection
	GlobalSection(ExtensibilityGlobals) = postSolution
		SolutionGuid = {6479025A-4E0A-44A7-AB3A-A741A4E0E381}
	EndGlobalSection
EndGlobal
